{
  "name": "termgame",
  "version": "0.1.0",
  "lockfileVersion": 1,
  "requires": true,
  "dependencies": {
    "ces": {
      "version": "0.0.4",
      "resolved": "https://registry.npmjs.org/ces/-/ces-0.0.4.tgz",
      "integrity": "sha1-mwSfzBq8Ebpn1KqREWrOBqoK1fg="
    },
    "chownr": {
      "version": "1.0.1",
      "resolved": "https://registry.npmjs.org/chownr/-/chownr-1.0.1.tgz",
      "integrity": "sha1-4qdQQqlVGQi+vSW4Uj1fl2nXkYE="
    },
    "clear": {
      "version": "0.0.1",
      "resolved": "https://registry.npmjs.org/clear/-/clear-0.0.1.tgz",
      "integrity": "sha1-5RhuIp2ZRIF5wTAxG2+dML/2sLo="
    },
    "figlet": {
      "version": "1.2.0",
      "resolved": "https://registry.npmjs.org/figlet/-/figlet-1.2.0.tgz",
      "integrity": "sha1-bEZTc3j6tkkUa1phQ92gGbQwtBA="
    },
    "fs-minipass": {
      "version": "1.2.3",
      "resolved": "https://registry.npmjs.org/fs-minipass/-/fs-minipass-1.2.3.tgz",
      "integrity": "sha512-u1pHCXDx+CElfM6CuIeHDTKvb1Ya9ZhsMk7xTHTh6zHSRLK6O0DTVBN+E3wg8fruxAFp4oE07owrrzQfDA0b5Q==",
      "requires": {
        "minipass": "2.2.1"
      }
    },
    "keypress": {
      "version": "0.2.1",
      "resolved": "https://registry.npmjs.org/keypress/-/keypress-0.2.1.tgz",
      "integrity": "sha1-HoBFQlABjbrUw/6USX1uZ7YmnHc="
    },
    "minimist": {
      "version": "0.0.8",
      "resolved": "https://registry.npmjs.org/minimist/-/minimist-0.0.8.tgz",
      "integrity": "sha1-hX/Kv8M5fSYluCKCYuhqp6ARsF0="
    },
    "minipass": {
      "version": "2.2.1",
      "resolved": "https://registry.npmjs.org/minipass/-/minipass-2.2.1.tgz",
      "integrity": "sha512-u1aUllxPJUI07cOqzR7reGmQxmCqlH88uIIsf6XZFEWgw7gXKpJdR+5R9Y3KEDmWYkdIz9wXZs3C0jOPxejk/Q==",
      "requires": {
        "yallist": "3.0.2"
      }
    },
    "minizlib": {
      "version": "1.0.4",
      "resolved": "https://registry.npmjs.org/minizlib/-/minizlib-1.0.4.tgz",
      "integrity": "sha512-sN4U9tIJtBRwKbwgFh9qJfrPIQ/GGTRr1MGqkgOeMTLy8/lM0FcWU//FqlnZ3Vb7gJ+Mxh3FOg1EklibdajbaQ==",
      "requires": {
        "minipass": "2.2.1"
      }
    },
    "mkdirp": {
      "version": "0.5.1",
      "resolved": "https://registry.npmjs.org/mkdirp/-/mkdirp-0.5.1.tgz",
      "integrity": "sha1-MAV0OOrGz3+MR2fzhkjWaX11yQM=",
      "requires": {
        "minimist": "0.0.8"
      }
    },
    "tar": {
      "version": "4.1.1",
      "resolved": "https://registry.npmjs.org/tar/-/tar-4.1.1.tgz",
      "integrity": "sha512-p2lLtRABOEhuC28GDpMYwxcDYRqAFfiz2AIZiQlI+fhrACPKtQ1mcF/bPY8T1h9aKlpDpd+WE33Y2PJ/hWhm8g==",
      "requires": {
        "chownr": "1.0.1",
        "fs-minipass": "1.2.3",
        "minipass": "2.2.1",
        "minizlib": "1.0.4",
        "mkdirp": "0.5.1",
        "yallist": "3.0.2"
      }
    },
    "yallist": {
      "version": "3.0.2",
      "resolved": "https://registry.npmjs.org/yallist/-/yallist-3.0.2.tgz",
      "integrity": "sha1-hFK0u36Dx8GI2AQcGoN8dz1ti7k="
    }
  }
}
